
Microsoft Visual Studio Solution File, Format Version 12.00
# Visual Studio Version 17
VisualStudioVersion = 17.2.32616.157
MinimumVisualStudioVersion = 10.0.40219.1
Project("{FAE04EC0-301F-11D3-BF4B-00C04F79EFBC}") = "Kviz", "Kviz\Kviz.csproj", "{2DB123A6-7807-4D83-B470-AE5A259B47A6}"
EndProject
Global
	GlobalSection(SolutionConfigurationPlatforms) = preSolution
		Debug|Any CPU = Debug|Any CPU
		Release|Any CPU = Release|Any CPU
	EndGlobalSection
	GlobalSection(ProjectConfigurationPlatforms) = postSolution
		{2DB123A6-7807-4D83-B470-AE5A259B47A6}.Debug|Any CPU.ActiveCfg = Debug|Any CPU
		{2DB123A6-7807-4D83-B470-AE5A259B47A6}.Debug|Any CPU.Build.0 = Debug|Any CPU
		{2DB123A6-7807-4D83-B470-AE5A259B47A6}.Release|Any CPU.ActiveCfg = Release|Any CPU
		{2DB123A6-7807-4D83-B470-AE5A259B47A6}.Release|Any CPU.Build.0 = Release|Any CPU
	EndGlobalSection
	GlobalSection(SolutionProperties) = preSolution
		HideSolutionNode = FALSE
	EndGlobalSection
	GlobalSection(ExtensibilityGlobals) = postSolution
		SolutionGuid = {453EE3F2-F7D0-4C45-937D-EECA468BAA44}
	EndGlobalSection
EndGlobal
